{
	"name": "@ui5/target",
	"version": "1.0.0",
	"lockfileVersion": 3,
	"requires": true,
	"packages": {
		"": {
			"name": "@ui5/target",
			"version": "1.0.0",
			"license": "Apache-2.0",
			"dependencies": {
				"@sapui5/some-thirdparty": "^1.0.0",
				"@ui5/module-a": "^1.0.0",
				"@ui5/module-b": "^1.0.0"
			},
			"devDependencies": {}
		},
		"node_modules/@sapui5/some-thirdparty": {
			"version": "1.0.0",
			"resolved": "https://registry.npmjs.org/package/version.tgz",
			"integrity": "sha512-mock-integrity-hash"
		},
		"node_modules/@ui5/module-a/node_modules/@sapui5/some-thirdparty": {
			"version": "2.0.0",
			"resolved": "https://registry.npmjs.org/package/version.tgz",
			"integrity": "sha512-mock-integrity-hash"
		},
		"node_modules/@ui5/module-b/node_modules/@sapui5/some-thirdparty": {
			"version": "2.0.0",
			"resolved": "https://registry.npmjs.org/package/version.tgz",
			"integrity": "sha512-mock-integrity-hash"
		},
		"node_modules/@ui5/module-a": {
			"name": "@ui5/module-a",
			"version": "1.0.0",
			"license": "Apache-2.0",
			"dependencies": {
				"@ui5/module-b": "^1.0.0",
				"@sapui5/some-thirdparty": "^2.0.0"
			},
			"devDependencies": {},
			"resolved": "https://registry.npmjs.org/package/version.tgz",
			"integrity": "sha512-mock-integrity-hash"
		},
		"node_modules/@ui5/module-b": {
			"name": "@ui5/module-b",
			"version": "1.0.0",
			"license": "Apache-2.0",
			"dependencies": {
				"@sapui5/some-thirdparty": "^2.0.0"
			},
			"devDependencies": {},
			"resolved": "https://registry.npmjs.org/package/version.tgz",
			"integrity": "sha512-mock-integrity-hash"
		}
	}
}