{
  "name": "application.d",
  "version": "1.0.0",
  "lockfileVersion": 3,
  "requires": true,
  "packages": {
    "": {
      "name": "application.d",
      "version": "1.0.0",
      "dependencies": {
        "library.f": "file:../library.f",
        "library.g": "file:../library.g"
      }
    },
    "../library.f": {
      "version": "1.0.0",
      "dependencies": {
        "library.g": "file:../library.g"
      }
    },
    "../library.g": {
      "version": "1.0.0",
      "devDependencies": {
        "library.f": "file:../library.f"
      }
    },
    "node_modules/library.f": {
      "resolved": "../library.f",
      "link": true
    },
    "node_modules/library.g": {
      "resolved": "../library.g",
      "link": true
    }
  }
}
